
Microsoft Visual Studio Solution File, Format Version 11.00
# Visual Studio 2010
Project("{FAE04EC0-301F-11D3-BF4B-00C04F79EFBC}") = "TinyLibraryCQRS.Infrastructure", "TinyLibraryCQRS.Infrastructure\TinyLibraryCQRS.Infrastructure.csproj", "{9030A469-7B2C-408D-94B9-C376F67A45A2}"
EndProject
Project("{FAE04EC0-301F-11D3-BF4B-00C04F79EFBC}") = "TinyLibraryCQRS.Commands", "TinyLibraryCQRS.Commands\TinyLibraryCQRS.Commands.csproj", "{13123038-1E3E-45A4-90A3-4D2B20E231FF}"
EndProject
Project("{FAE04EC0-301F-11D3-BF4B-00C04F79EFBC}") = "TinyLibraryCQRS.CommandHandlers", "TinyLibraryCQRS.CommandHandlers\TinyLibraryCQRS.CommandHandlers.csproj", "{CF6CCF46-BD1A-48F2-AA08-9ECBD1E2E4D4}"
EndProject
Project("{FAE04EC0-301F-11D3-BF4B-00C04F79EFBC}") = "TinyLibraryCQRS.EventHandlers", "TinyLibraryCQRS.EventHandlers\TinyLibraryCQRS.EventHandlers.csproj", "{E1A48216-CF6F-410F-8891-815C5F6E4C8B}"
EndProject
Project("{FAE04EC0-301F-11D3-BF4B-00C04F79EFBC}") = "TinyLibraryCQRS.Services.SynchronizationService", "TinyLibraryCQRS.Services.SynchronizationService\TinyLibraryCQRS.Services.SynchronizationService.csproj", "{468E5C08-2701-49FD-A68B-E4428960BA92}"
EndProject
Project("{FAE04EC0-301F-11D3-BF4B-00C04F79EFBC}") = "TinyLibraryCQRS.Services.CommandServices", "TinyLibraryCQRS.Services.CommandServices\TinyLibraryCQRS.Services.CommandServices.csproj", "{C752441D-2430-422B-BF80-83A36EB6933C}"
EndProject
Project("{FAE04EC0-301F-11D3-BF4B-00C04F79EFBC}") = "TinyLibraryCQRS.Services.QueryServices", "TinyLibraryCQRS.Services.QueryServices\TinyLibraryCQRS.Services.QueryServices.csproj", "{A31B9F00-CD2D-4629-A204-E90870077F22}"
EndProject
Project("{FAE04EC0-301F-11D3-BF4B-00C04F79EFBC}") = "TinyLibraryCQRS.Presentations.Mvc3", "TinyLibraryCQRS.Presentations.Mvc3\TinyLibraryCQRS.Presentations.Mvc3.csproj", "{F4516944-B2CD-468A-8450-18C2CBE6C595}"
	ProjectSection(ProjectDependencies) = postProject
		{A31B9F00-CD2D-4629-A204-E90870077F22} = {A31B9F00-CD2D-4629-A204-E90870077F22}
		{C752441D-2430-422B-BF80-83A36EB6933C} = {C752441D-2430-422B-BF80-83A36EB6933C}
	EndProjectSection
EndProject
Project("{FAE04EC0-301F-11D3-BF4B-00C04F79EFBC}") = "TinyLibraryCQRS.Presentations.Mvc3.Common", "TinyLibraryCQRS.Presentations.Mvc3.Common\TinyLibraryCQRS.Presentations.Mvc3.Common.csproj", "{1497BE6A-BFD2-43CD-B5FE-D2F62C16F3D0}"
	ProjectSection(ProjectDependencies) = postProject
		{A31B9F00-CD2D-4629-A204-E90870077F22} = {A31B9F00-CD2D-4629-A204-E90870077F22}
		{C752441D-2430-422B-BF80-83A36EB6933C} = {C752441D-2430-422B-BF80-83A36EB6933C}
	EndProjectSection
EndProject
Project("{FAE04EC0-301F-11D3-BF4B-00C04F79EFBC}") = "TinyLibraryCQRS.Model", "TinyLibraryCQRS.Model\TinyLibraryCQRS.Model.csproj", "{9F159FBD-7761-4B36-935D-A417D28EC00B}"
EndProject
Project("{FAE04EC0-301F-11D3-BF4B-00C04F79EFBC}") = "TinyLibraryCQRS.Events", "TinyLibraryCQRS.Events\TinyLibraryCQRS.Events.csproj", "{A730831E-0829-4C66-8D50-7B80DE4D9F5A}"
EndProject
Project("{2150E333-8FDC-42A3-9474-1A3956D46DE8}") = "Scripts", "Scripts", "{1E6206AD-6002-4EB3-8133-92D394F34A53}"
	ProjectSection(SolutionItems) = preProject
		scripts\TinyLibraryCQRS_EventDB.sql = scripts\TinyLibraryCQRS_EventDB.sql
		scripts\TinyLibraryCQRS_QueryDB.sql = scripts\TinyLibraryCQRS_QueryDB.sql
	EndProjectSection
EndProject
Global
	GlobalSection(TestCaseManagementSettings) = postSolution
		CategoryFile = TinyLibraryCQRS.vsmdi
	EndGlobalSection
	GlobalSection(SolutionConfigurationPlatforms) = preSolution
		Debug|Any CPU = Debug|Any CPU
		Debug|Mixed Platforms = Debug|Mixed Platforms
		Debug|x86 = Debug|x86
		Release|Any CPU = Release|Any CPU
		Release|Mixed Platforms = Release|Mixed Platforms
		Release|x86 = Release|x86
	EndGlobalSection
	GlobalSection(ProjectConfigurationPlatforms) = postSolution
		{9030A469-7B2C-408D-94B9-C376F67A45A2}.Debug|Any CPU.ActiveCfg = Debug|Any CPU
		{9030A469-7B2C-408D-94B9-C376F67A45A2}.Debug|Any CPU.Build.0 = Debug|Any CPU
		{9030A469-7B2C-408D-94B9-C376F67A45A2}.Debug|Mixed Platforms.ActiveCfg = Debug|Any CPU
		{9030A469-7B2C-408D-94B9-C376F67A45A2}.Debug|Mixed Platforms.Build.0 = Debug|Any CPU
		{9030A469-7B2C-408D-94B9-C376F67A45A2}.Debug|x86.ActiveCfg = Debug|Any CPU
		{9030A469-7B2C-408D-94B9-C376F67A45A2}.Release|Any CPU.ActiveCfg = Release|Any CPU
		{9030A469-7B2C-408D-94B9-C376F67A45A2}.Release|Any CPU.Build.0 = Release|Any CPU
		{9030A469-7B2C-408D-94B9-C376F67A45A2}.Release|Mixed Platforms.ActiveCfg = Release|Any CPU
		{9030A469-7B2C-408D-94B9-C376F67A45A2}.Release|Mixed Platforms.Build.0 = Release|Any CPU
		{9030A469-7B2C-408D-94B9-C376F67A45A2}.Release|x86.ActiveCfg = Release|Any CPU
		{13123038-1E3E-45A4-90A3-4D2B20E231FF}.Debug|Any CPU.ActiveCfg = Debug|Any CPU
		{13123038-1E3E-45A4-90A3-4D2B20E231FF}.Debug|Any CPU.Build.0 = Debug|Any CPU
		{13123038-1E3E-45A4-90A3-4D2B20E231FF}.Debug|Mixed Platforms.ActiveCfg = Debug|Any CPU
		{13123038-1E3E-45A4-90A3-4D2B20E231FF}.Debug|Mixed Platforms.Build.0 = Debug|Any CPU
		{13123038-1E3E-45A4-90A3-4D2B20E231FF}.Debug|x86.ActiveCfg = Debug|Any CPU
		{13123038-1E3E-45A4-90A3-4D2B20E231FF}.Release|Any CPU.ActiveCfg = Release|Any CPU
		{13123038-1E3E-45A4-90A3-4D2B20E231FF}.Release|Any CPU.Build.0 = Release|Any CPU
		{13123038-1E3E-45A4-90A3-4D2B20E231FF}.Release|Mixed Platforms.ActiveCfg = Release|Any CPU
		{13123038-1E3E-45A4-90A3-4D2B20E231FF}.Release|Mixed Platforms.Build.0 = Release|Any CPU
		{13123038-1E3E-45A4-90A3-4D2B20E231FF}.Release|x86.ActiveCfg = Release|Any CPU
		{CF6CCF46-BD1A-48F2-AA08-9ECBD1E2E4D4}.Debug|Any CPU.ActiveCfg = Debug|Any CPU
		{CF6CCF46-BD1A-48F2-AA08-9ECBD1E2E4D4}.Debug|Any CPU.Build.0 = Debug|Any CPU
		{CF6CCF46-BD1A-48F2-AA08-9ECBD1E2E4D4}.Debug|Mixed Platforms.ActiveCfg = Debug|Any CPU
		{CF6CCF46-BD1A-48F2-AA08-9ECBD1E2E4D4}.Debug|Mixed Platforms.Build.0 = Debug|Any CPU
		{CF6CCF46-BD1A-48F2-AA08-9ECBD1E2E4D4}.Debug|x86.ActiveCfg = Debug|Any CPU
		{CF6CCF46-BD1A-48F2-AA08-9ECBD1E2E4D4}.Release|Any CPU.ActiveCfg = Release|Any CPU
		{CF6CCF46-BD1A-48F2-AA08-9ECBD1E2E4D4}.Release|Any CPU.Build.0 = Release|Any CPU
		{CF6CCF46-BD1A-48F2-AA08-9ECBD1E2E4D4}.Release|Mixed Platforms.ActiveCfg = Release|Any CPU
		{CF6CCF46-BD1A-48F2-AA08-9ECBD1E2E4D4}.Release|Mixed Platforms.Build.0 = Release|Any CPU
		{CF6CCF46-BD1A-48F2-AA08-9ECBD1E2E4D4}.Release|x86.ActiveCfg = Release|Any CPU
		{E1A48216-CF6F-410F-8891-815C5F6E4C8B}.Debug|Any CPU.ActiveCfg = Debug|Any CPU
		{E1A48216-CF6F-410F-8891-815C5F6E4C8B}.Debug|Any CPU.Build.0 = Debug|Any CPU
		{E1A48216-CF6F-410F-8891-815C5F6E4C8B}.Debug|Mixed Platforms.ActiveCfg = Debug|Any CPU
		{E1A48216-CF6F-410F-8891-815C5F6E4C8B}.Debug|Mixed Platforms.Build.0 = Debug|Any CPU
		{E1A48216-CF6F-410F-8891-815C5F6E4C8B}.Debug|x86.ActiveCfg = Debug|Any CPU
		{E1A48216-CF6F-410F-8891-815C5F6E4C8B}.Release|Any CPU.ActiveCfg = Release|Any CPU
		{E1A48216-CF6F-410F-8891-815C5F6E4C8B}.Release|Any CPU.Build.0 = Release|Any CPU
		{E1A48216-CF6F-410F-8891-815C5F6E4C8B}.Release|Mixed Platforms.ActiveCfg = Release|Any CPU
		{E1A48216-CF6F-410F-8891-815C5F6E4C8B}.Release|Mixed Platforms.Build.0 = Release|Any CPU
		{E1A48216-CF6F-410F-8891-815C5F6E4C8B}.Release|x86.ActiveCfg = Release|Any CPU
		{468E5C08-2701-49FD-A68B-E4428960BA92}.Debug|Any CPU.ActiveCfg = Debug|x86
		{468E5C08-2701-49FD-A68B-E4428960BA92}.Debug|Mixed Platforms.ActiveCfg = Debug|x86
		{468E5C08-2701-49FD-A68B-E4428960BA92}.Debug|Mixed Platforms.Build.0 = Debug|x86
		{468E5C08-2701-49FD-A68B-E4428960BA92}.Debug|x86.ActiveCfg = Debug|x86
		{468E5C08-2701-49FD-A68B-E4428960BA92}.Debug|x86.Build.0 = Debug|x86
		{468E5C08-2701-49FD-A68B-E4428960BA92}.Release|Any CPU.ActiveCfg = Release|x86
		{468E5C08-2701-49FD-A68B-E4428960BA92}.Release|Mixed Platforms.ActiveCfg = Release|x86
		{468E5C08-2701-49FD-A68B-E4428960BA92}.Release|Mixed Platforms.Build.0 = Release|x86
		{468E5C08-2701-49FD-A68B-E4428960BA92}.Release|x86.ActiveCfg = Release|x86
		{468E5C08-2701-49FD-A68B-E4428960BA92}.Release|x86.Build.0 = Release|x86
		{C752441D-2430-422B-BF80-83A36EB6933C}.Debug|Any CPU.ActiveCfg = Debug|Any CPU
		{C752441D-2430-422B-BF80-83A36EB6933C}.Debug|Any CPU.Build.0 = Debug|Any CPU
		{C752441D-2430-422B-BF80-83A36EB6933C}.Debug|Mixed Platforms.ActiveCfg = Debug|Any CPU
		{C752441D-2430-422B-BF80-83A36EB6933C}.Debug|Mixed Platforms.Build.0 = Debug|Any CPU
		{C752441D-2430-422B-BF80-83A36EB6933C}.Debug|x86.ActiveCfg = Debug|Any CPU
		{C752441D-2430-422B-BF80-83A36EB6933C}.Release|Any CPU.ActiveCfg = Release|Any CPU
		{C752441D-2430-422B-BF80-83A36EB6933C}.Release|Any CPU.Build.0 = Release|Any CPU
		{C752441D-2430-422B-BF80-83A36EB6933C}.Release|Mixed Platforms.ActiveCfg = Release|Any CPU
		{C752441D-2430-422B-BF80-83A36EB6933C}.Release|Mixed Platforms.Build.0 = Release|Any CPU
		{C752441D-2430-422B-BF80-83A36EB6933C}.Release|x86.ActiveCfg = Release|Any CPU
		{A31B9F00-CD2D-4629-A204-E90870077F22}.Debug|Any CPU.ActiveCfg = Debug|Any CPU
		{A31B9F00-CD2D-4629-A204-E90870077F22}.Debug|Any CPU.Build.0 = Debug|Any CPU
		{A31B9F00-CD2D-4629-A204-E90870077F22}.Debug|Mixed Platforms.ActiveCfg = Debug|Any CPU
		{A31B9F00-CD2D-4629-A204-E90870077F22}.Debug|Mixed Platforms.Build.0 = Debug|Any CPU
		{A31B9F00-CD2D-4629-A204-E90870077F22}.Debug|x86.ActiveCfg = Debug|Any CPU
		{A31B9F00-CD2D-4629-A204-E90870077F22}.Release|Any CPU.ActiveCfg = Release|Any CPU
		{A31B9F00-CD2D-4629-A204-E90870077F22}.Release|Any CPU.Build.0 = Release|Any CPU
		{A31B9F00-CD2D-4629-A204-E90870077F22}.Release|Mixed Platforms.ActiveCfg = Release|Any CPU
		{A31B9F00-CD2D-4629-A204-E90870077F22}.Release|Mixed Platforms.Build.0 = Release|Any CPU
		{A31B9F00-CD2D-4629-A204-E90870077F22}.Release|x86.ActiveCfg = Release|Any CPU
		{F4516944-B2CD-468A-8450-18C2CBE6C595}.Debug|Any CPU.ActiveCfg = Debug|Any CPU
		{F4516944-B2CD-468A-8450-18C2CBE6C595}.Debug|Any CPU.Build.0 = Debug|Any CPU
		{F4516944-B2CD-468A-8450-18C2CBE6C595}.Debug|Mixed Platforms.ActiveCfg = Debug|Any CPU
		{F4516944-B2CD-468A-8450-18C2CBE6C595}.Debug|Mixed Platforms.Build.0 = Debug|Any CPU
		{F4516944-B2CD-468A-8450-18C2CBE6C595}.Debug|x86.ActiveCfg = Debug|Any CPU
		{F4516944-B2CD-468A-8450-18C2CBE6C595}.Release|Any CPU.ActiveCfg = Release|Any CPU
		{F4516944-B2CD-468A-8450-18C2CBE6C595}.Release|Any CPU.Build.0 = Release|Any CPU
		{F4516944-B2CD-468A-8450-18C2CBE6C595}.Release|Mixed Platforms.ActiveCfg = Release|Any CPU
		{F4516944-B2CD-468A-8450-18C2CBE6C595}.Release|Mixed Platforms.Build.0 = Release|Any CPU
		{F4516944-B2CD-468A-8450-18C2CBE6C595}.Release|x86.ActiveCfg = Release|Any CPU
		{1497BE6A-BFD2-43CD-B5FE-D2F62C16F3D0}.Debug|Any CPU.ActiveCfg = Debug|Any CPU
		{1497BE6A-BFD2-43CD-B5FE-D2F62C16F3D0}.Debug|Any CPU.Build.0 = Debug|Any CPU
		{1497BE6A-BFD2-43CD-B5FE-D2F62C16F3D0}.Debug|Mixed Platforms.ActiveCfg = Debug|Any CPU
		{1497BE6A-BFD2-43CD-B5FE-D2F62C16F3D0}.Debug|Mixed Platforms.Build.0 = Debug|Any CPU
		{1497BE6A-BFD2-43CD-B5FE-D2F62C16F3D0}.Debug|x86.ActiveCfg = Debug|Any CPU
		{1497BE6A-BFD2-43CD-B5FE-D2F62C16F3D0}.Release|Any CPU.ActiveCfg = Release|Any CPU
		{1497BE6A-BFD2-43CD-B5FE-D2F62C16F3D0}.Release|Any CPU.Build.0 = Release|Any CPU
		{1497BE6A-BFD2-43CD-B5FE-D2F62C16F3D0}.Release|Mixed Platforms.ActiveCfg = Release|Any CPU
		{1497BE6A-BFD2-43CD-B5FE-D2F62C16F3D0}.Release|Mixed Platforms.Build.0 = Release|Any CPU
		{1497BE6A-BFD2-43CD-B5FE-D2F62C16F3D0}.Release|x86.ActiveCfg = Release|Any CPU
		{9F159FBD-7761-4B36-935D-A417D28EC00B}.Debug|Any CPU.ActiveCfg = Debug|Any CPU
		{9F159FBD-7761-4B36-935D-A417D28EC00B}.Debug|Any CPU.Build.0 = Debug|Any CPU
		{9F159FBD-7761-4B36-935D-A417D28EC00B}.Debug|Mixed Platforms.ActiveCfg = Debug|Any CPU
		{9F159FBD-7761-4B36-935D-A417D28EC00B}.Debug|Mixed Platforms.Build.0 = Debug|Any CPU
		{9F159FBD-7761-4B36-935D-A417D28EC00B}.Debug|x86.ActiveCfg = Debug|Any CPU
		{9F159FBD-7761-4B36-935D-A417D28EC00B}.Release|Any CPU.ActiveCfg = Release|Any CPU
		{9F159FBD-7761-4B36-935D-A417D28EC00B}.Release|Any CPU.Build.0 = Release|Any CPU
		{9F159FBD-7761-4B36-935D-A417D28EC00B}.Release|Mixed Platforms.ActiveCfg = Release|Any CPU
		{9F159FBD-7761-4B36-935D-A417D28EC00B}.Release|Mixed Platforms.Build.0 = Release|Any CPU
		{9F159FBD-7761-4B36-935D-A417D28EC00B}.Release|x86.ActiveCfg = Release|Any CPU
		{A730831E-0829-4C66-8D50-7B80DE4D9F5A}.Debug|Any CPU.ActiveCfg = Debug|Any CPU
		{A730831E-0829-4C66-8D50-7B80DE4D9F5A}.Debug|Any CPU.Build.0 = Debug|Any CPU
		{A730831E-0829-4C66-8D50-7B80DE4D9F5A}.Debug|Mixed Platforms.ActiveCfg = Debug|Any CPU
		{A730831E-0829-4C66-8D50-7B80DE4D9F5A}.Debug|Mixed Platforms.Build.0 = Debug|Any CPU
		{A730831E-0829-4C66-8D50-7B80DE4D9F5A}.Debug|x86.ActiveCfg = Debug|Any CPU
		{A730831E-0829-4C66-8D50-7B80DE4D9F5A}.Release|Any CPU.ActiveCfg = Release|Any CPU
		{A730831E-0829-4C66-8D50-7B80DE4D9F5A}.Release|Any CPU.Build.0 = Release|Any CPU
		{A730831E-0829-4C66-8D50-7B80DE4D9F5A}.Release|Mixed Platforms.ActiveCfg = Release|Any CPU
		{A730831E-0829-4C66-8D50-7B80DE4D9F5A}.Release|Mixed Platforms.Build.0 = Release|Any CPU
		{A730831E-0829-4C66-8D50-7B80DE4D9F5A}.Release|x86.ActiveCfg = Release|Any CPU
	EndGlobalSection
	GlobalSection(SolutionProperties) = preSolution
		HideSolutionNode = FALSE
	EndGlobalSection
EndGlobal
